
Microsoft Visual Studio Solution File, Format Version 12.00
# Visual Studio Version 17
VisualStudioVersion = 17.11.35222.181
MinimumVisualStudioVersion = 10.0.40219.1
Project("{9A19103F-16F7-4668-BE54-9A1E7A4F7556}") = "Business.Objects", "Business.Objects\Business.Objects.csproj", "{BF27C5E2-C0F6-4048-998A-2FFCA0A48105}"
EndProject
Project("{9A19103F-16F7-4668-BE54-9A1E7A4F7556}") = "Business", "Business\Business.csproj", "{C0725EF2-3FF5-4EB5-971B-C9AD5DACF091}"
EndProject
Project("{9A19103F-16F7-4668-BE54-9A1E7A4F7556}") = "Feed", "Feed\Feed.csproj", "{F6821E0E-4588-4131-BE68-160B0C44D37C}"
EndProject
Project("{9A19103F-16F7-4668-BE54-9A1E7A4F7556}") = "WebApp", "WebApp\WebApp.csproj", "{BFF2F4AE-1D0C-475C-9F18-AA4D97ED1DB9}"
EndProject
Project("{FAE04EC0-301F-11D3-BF4B-00C04F79EFBC}") = "WebAPI", "WebAPI\WebAPI.csproj", "{C040E20E-4140-4BAD-BAF8-8E685C89E608}"
EndProject
Global
	GlobalSection(SolutionConfigurationPlatforms) = preSolution
		Debug|Any CPU = Debug|Any CPU
		Release|Any CPU = Release|Any CPU
	EndGlobalSection
	GlobalSection(ProjectConfigurationPlatforms) = postSolution
		{BF27C5E2-C0F6-4048-998A-2FFCA0A48105}.Debug|Any CPU.ActiveCfg = Debug|Any CPU
		{BF27C5E2-C0F6-4048-998A-2FFCA0A48105}.Debug|Any CPU.Build.0 = Debug|Any CPU
		{BF27C5E2-C0F6-4048-998A-2FFCA0A48105}.Release|Any CPU.ActiveCfg = Release|Any CPU
		{BF27C5E2-C0F6-4048-998A-2FFCA0A48105}.Release|Any CPU.Build.0 = Release|Any CPU
		{C0725EF2-3FF5-4EB5-971B-C9AD5DACF091}.Debug|Any CPU.ActiveCfg = Debug|Any CPU
		{C0725EF2-3FF5-4EB5-971B-C9AD5DACF091}.Debug|Any CPU.Build.0 = Debug|Any CPU
		{C0725EF2-3FF5-4EB5-971B-C9AD5DACF091}.Release|Any CPU.ActiveCfg = Release|Any CPU
		{C0725EF2-3FF5-4EB5-971B-C9AD5DACF091}.Release|Any CPU.Build.0 = Release|Any CPU
		{F6821E0E-4588-4131-BE68-160B0C44D37C}.Debug|Any CPU.ActiveCfg = Debug|Any CPU
		{F6821E0E-4588-4131-BE68-160B0C44D37C}.Debug|Any CPU.Build.0 = Debug|Any CPU
		{F6821E0E-4588-4131-BE68-160B0C44D37C}.Release|Any CPU.ActiveCfg = Release|Any CPU
		{F6821E0E-4588-4131-BE68-160B0C44D37C}.Release|Any CPU.Build.0 = Release|Any CPU
		{BFF2F4AE-1D0C-475C-9F18-AA4D97ED1DB9}.Debug|Any CPU.ActiveCfg = Debug|Any CPU
		{BFF2F4AE-1D0C-475C-9F18-AA4D97ED1DB9}.Debug|Any CPU.Build.0 = Debug|Any CPU
		{BFF2F4AE-1D0C-475C-9F18-AA4D97ED1DB9}.Release|Any CPU.ActiveCfg = Release|Any CPU
		{BFF2F4AE-1D0C-475C-9F18-AA4D97ED1DB9}.Release|Any CPU.Build.0 = Release|Any CPU
		{C040E20E-4140-4BAD-BAF8-8E685C89E608}.Debug|Any CPU.ActiveCfg = Debug|Any CPU
		{C040E20E-4140-4BAD-BAF8-8E685C89E608}.Debug|Any CPU.Build.0 = Debug|Any CPU
		{C040E20E-4140-4BAD-BAF8-8E685C89E608}.Release|Any CPU.ActiveCfg = Release|Any CPU
		{C040E20E-4140-4BAD-BAF8-8E685C89E608}.Release|Any CPU.Build.0 = Release|Any CPU
	EndGlobalSection
	GlobalSection(SolutionProperties) = preSolution
		HideSolutionNode = FALSE
	EndGlobalSection
	GlobalSection(ExtensibilityGlobals) = postSolution
		SolutionGuid = {9A94CD2F-21DE-407D-9ECE-E5BB4CEAAE4B}
	EndGlobalSection
EndGlobal
